
Microsoft Visual Studio Solution File, Format Version 12.00
# Visual Studio 15
VisualStudioVersion = 15.0.27703.2026
MinimumVisualStudioVersion = 10.0.40219.1
Project("{8BC9CEB8-8B4A-11D0-8D11-00A0C91BC942}") = "structIn", "structIn\structIn.vcxproj", "{77F853C5-1BDA-4413-BF4D-B6EEA8B95A6D}"
EndProject
Global
	GlobalSection(SolutionConfigurationPlatforms) = preSolution
		Debug|x64 = Debug|x64
		Debug|x86 = Debug|x86
		Release|x64 = Release|x64
		Release|x86 = Release|x86
	EndGlobalSection
	GlobalSection(ProjectConfigurationPlatforms) = postSolution
		{77F853C5-1BDA-4413-BF4D-B6EEA8B95A6D}.Debug|x64.ActiveCfg = Debug|x64
		{77F853C5-1BDA-4413-BF4D-B6EEA8B95A6D}.Debug|x64.Build.0 = Debug|x64
		{77F853C5-1BDA-4413-BF4D-B6EEA8B95A6D}.Debug|x86.ActiveCfg = Debug|Win32
		{77F853C5-1BDA-4413-BF4D-B6EEA8B95A6D}.Debug|x86.Build.0 = Debug|Win32
		{77F853C5-1BDA-4413-BF4D-B6EEA8B95A6D}.Release|x64.ActiveCfg = Release|x64
		{77F853C5-1BDA-4413-BF4D-B6EEA8B95A6D}.Release|x64.Build.0 = Release|x64
		{77F853C5-1BDA-4413-BF4D-B6EEA8B95A6D}.Release|x86.ActiveCfg = Release|Win32
		{77F853C5-1BDA-4413-BF4D-B6EEA8B95A6D}.Release|x86.Build.0 = Release|Win32
	EndGlobalSection
	GlobalSection(SolutionProperties) = preSolution
		HideSolutionNode = FALSE
	EndGlobalSection
	GlobalSection(ExtensibilityGlobals) = postSolution
		SolutionGuid = {AB03ED7B-D61D-417C-B60E-99975FEAB228}
	EndGlobalSection
EndGlobal
